Microsoft Visual Studio Solution File, Format Version 12.00
# Visual Studio Version 17
VisualStudioVersion = 17.5.2.0
MinimumVisualStudioVersion = 10.0.40219.1
Project("{FAE04EC0-301F-11D3-BF4B-00C04F79EFBC}") = "AspireAzdTests.AppHost", "AspireAzdTests.AppHost.csproj", "{4910A9C9-446F-C43C-34AE-C0FDBB84848C}"
EndProject
Global
	GlobalSection(SolutionConfigurationPlatforms) = preSolution
		Debug|Any CPU = Debug|Any CPU
		Release|Any CPU = Release|Any CPU
	EndGlobalSection
	GlobalSection(ProjectConfigurationPlatforms) = postSolution
		{4910A9C9-446F-C43C-34AE-C0FDBB84848C}.Debug|Any CPU.ActiveCfg = Debug|Any CPU
		{4910A9C9-446F-C43C-34AE-C0FDBB84848C}.Debug|Any CPU.Build.0 = Debug|Any CPU
		{4910A9C9-446F-C43C-34AE-C0FDBB84848C}.Release|Any CPU.ActiveCfg = Release|Any CPU
		{4910A9C9-446F-C43C-34AE-C0FDBB84848C}.Release|Any CPU.Build.0 = Release|Any CPU
	EndGlobalSection
	GlobalSection(SolutionProperties) = preSolution
		HideSolutionNode = FALSE
	EndGlobalSection
	GlobalSection(ExtensibilityGlobals) = postSolution
		SolutionGuid = {12AD2908-0B7B-4530-8DA6-99143A068AD6}
	EndGlobalSection
EndGlobal
