{
    "name": "sample-service",
    "version": "1.0.0",
    "lockfileVersion": 3,
    "requires": true,
    "packages": {
        "": {
            "name": "sample-service",
            "version": "1.0.0",
            "license": "MIT",
            "dependencies": {
                "some_package": "^1.0.0"
            },
            "devDependencies": {}
        },
        "node_modules/some_package": {
            "version": "1.0.0",
            "license": "ISC"
        }
    }
}
