
Microsoft Visual Studio Solution File, Format Version 12.00
# Visual Studio Version 17
VisualStudioVersion = 17.5.002.0
MinimumVisualStudioVersion = 10.0.40219.1
Project("{9A19103F-16F7-4668-BE54-9A1E7A4F7556}") = "AspireAzdTests.ApiService", "AspireAzdTests.ApiService\AspireAzdTests.ApiService.csproj", "{68A7A9C5-5BC7-470E-B2B5-1002E7BDE5E1}"
EndProject
Project("{9A19103F-16F7-4668-BE54-9A1E7A4F7556}") = "AspireAzdTests.AppHost", "AspireAzdTests.AppHost\AspireAzdTests.AppHost.csproj", "{5A073C09-ED73-4E50-BAD3-1E75192D7F47}"
EndProject
Project("{9A19103F-16F7-4668-BE54-9A1E7A4F7556}") = "AspireAzdTests", "AspireAzdTests\AspireAzdTests.csproj", "{66A912BA-10B7-4A4B-A02E-F7463B3FDE8F}"
EndProject
Project("{9A19103F-16F7-4668-BE54-9A1E7A4F7556}") = "AspireAzdTests.Worker", "AspireAzdTests.Worker\AspireAzdTests.Worker.csproj", "{698FB8A4-5C0D-4972-AF55-0B4A0D2D9D5F}"
EndProject
Project("{9A19103F-16F7-4668-BE54-9A1E7A4F7556}") = "AspireAzdTests.Web", "AspireAzdTests.Web\AspireAzdTests.Web.csproj", "{1253200A-7A97-485D-A176-E509D4B2B563}"
EndProject
Project("{9A19103F-16F7-4668-BE54-9A1E7A4F7556}") = "AspireAzdTests.ServiceDefaults", "AspireAzdTests.ServiceDefaults\AspireAzdTests.ServiceDefaults.csproj", "{ED7A79F2-FC55-4BBE-B645-19F3661A0E9B}"
EndProject
Global
	GlobalSection(SolutionConfigurationPlatforms) = preSolution
		Debug|Any CPU = Debug|Any CPU
		Release|Any CPU = Release|Any CPU
	EndGlobalSection
	GlobalSection(ProjectConfigurationPlatforms) = postSolution
		{68A7A9C5-5BC7-470E-B2B5-1002E7BDE5E1}.Debug|Any CPU.ActiveCfg = Debug|Any CPU
		{68A7A9C5-5BC7-470E-B2B5-1002E7BDE5E1}.Debug|Any CPU.Build.0 = Debug|Any CPU
		{68A7A9C5-5BC7-470E-B2B5-1002E7BDE5E1}.Release|Any CPU.ActiveCfg = Release|Any CPU
		{68A7A9C5-5BC7-470E-B2B5-1002E7BDE5E1}.Release|Any CPU.Build.0 = Release|Any CPU
		{5A073C09-ED73-4E50-BAD3-1E75192D7F47}.Debug|Any CPU.ActiveCfg = Debug|Any CPU
		{5A073C09-ED73-4E50-BAD3-1E75192D7F47}.Debug|Any CPU.Build.0 = Debug|Any CPU
		{5A073C09-ED73-4E50-BAD3-1E75192D7F47}.Release|Any CPU.ActiveCfg = Release|Any CPU
		{5A073C09-ED73-4E50-BAD3-1E75192D7F47}.Release|Any CPU.Build.0 = Release|Any CPU
		{66A912BA-10B7-4A4B-A02E-F7463B3FDE8F}.Debug|Any CPU.ActiveCfg = Debug|Any CPU
		{66A912BA-10B7-4A4B-A02E-F7463B3FDE8F}.Debug|Any CPU.Build.0 = Debug|Any CPU
		{66A912BA-10B7-4A4B-A02E-F7463B3FDE8F}.Release|Any CPU.ActiveCfg = Release|Any CPU
		{66A912BA-10B7-4A4B-A02E-F7463B3FDE8F}.Release|Any CPU.Build.0 = Release|Any CPU
		{698FB8A4-5C0D-4972-AF55-0B4A0D2D9D5F}.Debug|Any CPU.ActiveCfg = Debug|Any CPU
		{698FB8A4-5C0D-4972-AF55-0B4A0D2D9D5F}.Debug|Any CPU.Build.0 = Debug|Any CPU
		{698FB8A4-5C0D-4972-AF55-0B4A0D2D9D5F}.Release|Any CPU.ActiveCfg = Release|Any CPU
		{698FB8A4-5C0D-4972-AF55-0B4A0D2D9D5F}.Release|Any CPU.Build.0 = Release|Any CPU
		{1253200A-7A97-485D-A176-E509D4B2B563}.Debug|Any CPU.ActiveCfg = Debug|Any CPU
		{1253200A-7A97-485D-A176-E509D4B2B563}.Debug|Any CPU.Build.0 = Debug|Any CPU
		{1253200A-7A97-485D-A176-E509D4B2B563}.Release|Any CPU.ActiveCfg = Release|Any CPU
		{1253200A-7A97-485D-A176-E509D4B2B563}.Release|Any CPU.Build.0 = Release|Any CPU
		{ED7A79F2-FC55-4BBE-B645-19F3661A0E9B}.Debug|Any CPU.ActiveCfg = Debug|Any CPU
		{ED7A79F2-FC55-4BBE-B645-19F3661A0E9B}.Debug|Any CPU.Build.0 = Debug|Any CPU
		{ED7A79F2-FC55-4BBE-B645-19F3661A0E9B}.Release|Any CPU.ActiveCfg = Release|Any CPU
		{ED7A79F2-FC55-4BBE-B645-19F3661A0E9B}.Release|Any CPU.Build.0 = Release|Any CPU
	EndGlobalSection
	GlobalSection(SolutionProperties) = preSolution
		HideSolutionNode = FALSE
	EndGlobalSection
	GlobalSection(ExtensibilityGlobals) = postSolution
		SolutionGuid = {02C7B0A1-B674-4F1A-85B5-EBF678757870}
	EndGlobalSection
EndGlobal
