
Microsoft Visual Studio Solution File, Format Version 12.00
# Visual Studio Version 17
VisualStudioVersion = 17.5.002.0
MinimumVisualStudioVersion = 10.0.40219.1
Project("{2150E333-8FDC-42A3-9474-1A3956D46DE8}") = "internal", "internal", "{8DB5CC14-7BDC-4662-9610-CBB812ACE922}"
EndProject
Project("{2150E333-8FDC-42A3-9474-1A3956D46DE8}") = "appdetect", "appdetect", "{B81EA4BB-BADC-4045-BA4E-37FAD136375D}"
EndProject
Project("{2150E333-8FDC-42A3-9474-1A3956D46DE8}") = "testdata", "testdata", "{F46937FC-890C-48C4-80E5-0590A7E07E05}"
EndProject
Project("{9A19103F-16F7-4668-BE54-9A1E7A4F7556}") = "dotnettestapp", "internal\appdetect\testdata\dotnet\dotnettestapp.csproj", "{EB6660CF-25A3-4605-B5FD-051AAE7AAB0C}"
EndProject
Project("{2150E333-8FDC-42A3-9474-1A3956D46DE8}") = "test", "test", "{3AB5F351-AA94-44CA-9EA2-5365D5835D57}"
EndProject
Project("{2150E333-8FDC-42A3-9474-1A3956D46DE8}") = "functional", "functional", "{B1D1E7FD-A173-4E93-93B4-5AC3EB088E7F}"
EndProject
Project("{2150E333-8FDC-42A3-9474-1A3956D46DE8}") = "testdata", "testdata", "{38239A02-F870-4591-ABE3-6DE87951F2FF}"
EndProject
Project("{2150E333-8FDC-42A3-9474-1A3956D46DE8}") = "samples", "samples", "{9A6DB1F6-E403-4086-8878-C1D18D66EFA1}"
EndProject
Project("{2150E333-8FDC-42A3-9474-1A3956D46DE8}") = "restoreapp", "restoreapp", "{F87BDE46-A95C-4187-ABC2-C66B4CB8E23B}"
EndProject
Project("{9A19103F-16F7-4668-BE54-9A1E7A4F7556}") = "dotnettestapp", "test\functional\testdata\samples\restoreapp\csharpapp\dotnettestapp.csproj", "{31BF5911-A11F-4B0C-81A2-56431B379F6F}"
EndProject
Project("{2150E333-8FDC-42A3-9474-1A3956D46DE8}") = "containerapp", "containerapp", "{49F53FE8-08B1-4E40-8093-0340F69F02E1}"
EndProject
Project("{2150E333-8FDC-42A3-9474-1A3956D46DE8}") = "src", "src", "{D39E7398-7BE2-4112-91D6-1342F7583728}"
EndProject
Project("{9A19103F-16F7-4668-BE54-9A1E7A4F7556}") = "webapp", "test\functional\testdata\samples\containerapp\src\dotnet\webapp.csproj", "{49E1CADF-042C-4CAA-8F4A-A65B2C6C42FC}"
EndProject
Project("{2150E333-8FDC-42A3-9474-1A3956D46DE8}") = "webapp", "webapp", "{CBB57EAE-9E81-4AA3-AA44-F65B2BBD51C5}"
EndProject
Project("{2150E333-8FDC-42A3-9474-1A3956D46DE8}") = "src", "src", "{8402EED1-DB89-46CA-9492-078BEA8BC51B}"
EndProject
Project("{9A19103F-16F7-4668-BE54-9A1E7A4F7556}") = "webapp", "test\functional\testdata\samples\webapp\src\dotnet\webapp.csproj", "{011B2765-D1B1-448B-9898-1F7410DA9142}"
EndProject
Global
	GlobalSection(SolutionConfigurationPlatforms) = preSolution
		Debug|Any CPU = Debug|Any CPU
		Release|Any CPU = Release|Any CPU
	EndGlobalSection
	GlobalSection(ProjectConfigurationPlatforms) = postSolution
		{EB6660CF-25A3-4605-B5FD-051AAE7AAB0C}.Debug|Any CPU.ActiveCfg = Debug|Any CPU
		{EB6660CF-25A3-4605-B5FD-051AAE7AAB0C}.Debug|Any CPU.Build.0 = Debug|Any CPU
		{EB6660CF-25A3-4605-B5FD-051AAE7AAB0C}.Release|Any CPU.ActiveCfg = Release|Any CPU
		{EB6660CF-25A3-4605-B5FD-051AAE7AAB0C}.Release|Any CPU.Build.0 = Release|Any CPU
		{31BF5911-A11F-4B0C-81A2-56431B379F6F}.Debug|Any CPU.ActiveCfg = Debug|Any CPU
		{31BF5911-A11F-4B0C-81A2-56431B379F6F}.Debug|Any CPU.Build.0 = Debug|Any CPU
		{31BF5911-A11F-4B0C-81A2-56431B379F6F}.Release|Any CPU.ActiveCfg = Release|Any CPU
		{31BF5911-A11F-4B0C-81A2-56431B379F6F}.Release|Any CPU.Build.0 = Release|Any CPU
		{49E1CADF-042C-4CAA-8F4A-A65B2C6C42FC}.Debug|Any CPU.ActiveCfg = Debug|Any CPU
		{49E1CADF-042C-4CAA-8F4A-A65B2C6C42FC}.Debug|Any CPU.Build.0 = Debug|Any CPU
		{49E1CADF-042C-4CAA-8F4A-A65B2C6C42FC}.Release|Any CPU.ActiveCfg = Release|Any CPU
		{49E1CADF-042C-4CAA-8F4A-A65B2C6C42FC}.Release|Any CPU.Build.0 = Release|Any CPU
		{011B2765-D1B1-448B-9898-1F7410DA9142}.Debug|Any CPU.ActiveCfg = Debug|Any CPU
		{011B2765-D1B1-448B-9898-1F7410DA9142}.Debug|Any CPU.Build.0 = Debug|Any CPU
		{011B2765-D1B1-448B-9898-1F7410DA9142}.Release|Any CPU.ActiveCfg = Release|Any CPU
		{011B2765-D1B1-448B-9898-1F7410DA9142}.Release|Any CPU.Build.0 = Release|Any CPU
	EndGlobalSection
	GlobalSection(SolutionProperties) = preSolution
		HideSolutionNode = FALSE
	EndGlobalSection
	GlobalSection(NestedProjects) = preSolution
		{B81EA4BB-BADC-4045-BA4E-37FAD136375D} = {8DB5CC14-7BDC-4662-9610-CBB812ACE922}
		{F46937FC-890C-48C4-80E5-0590A7E07E05} = {B81EA4BB-BADC-4045-BA4E-37FAD136375D}
		{EB6660CF-25A3-4605-B5FD-051AAE7AAB0C} = {F46937FC-890C-48C4-80E5-0590A7E07E05}
		{B1D1E7FD-A173-4E93-93B4-5AC3EB088E7F} = {3AB5F351-AA94-44CA-9EA2-5365D5835D57}
		{38239A02-F870-4591-ABE3-6DE87951F2FF} = {B1D1E7FD-A173-4E93-93B4-5AC3EB088E7F}
		{9A6DB1F6-E403-4086-8878-C1D18D66EFA1} = {38239A02-F870-4591-ABE3-6DE87951F2FF}
		{F87BDE46-A95C-4187-ABC2-C66B4CB8E23B} = {9A6DB1F6-E403-4086-8878-C1D18D66EFA1}
		{31BF5911-A11F-4B0C-81A2-56431B379F6F} = {F87BDE46-A95C-4187-ABC2-C66B4CB8E23B}
		{49F53FE8-08B1-4E40-8093-0340F69F02E1} = {9A6DB1F6-E403-4086-8878-C1D18D66EFA1}
		{D39E7398-7BE2-4112-91D6-1342F7583728} = {49F53FE8-08B1-4E40-8093-0340F69F02E1}
		{49E1CADF-042C-4CAA-8F4A-A65B2C6C42FC} = {D39E7398-7BE2-4112-91D6-1342F7583728}
		{CBB57EAE-9E81-4AA3-AA44-F65B2BBD51C5} = {9A6DB1F6-E403-4086-8878-C1D18D66EFA1}
		{8402EED1-DB89-46CA-9492-078BEA8BC51B} = {CBB57EAE-9E81-4AA3-AA44-F65B2BBD51C5}
		{011B2765-D1B1-448B-9898-1F7410DA9142} = {8402EED1-DB89-46CA-9492-078BEA8BC51B}
	EndGlobalSection
	GlobalSection(ExtensibilityGlobals) = postSolution
		SolutionGuid = {7C534584-8DB0-4343-B92D-14DE58094ACF}
	EndGlobalSection
EndGlobal
